
Microsoft Visual Studio Solution File, Format Version 12.00
# Visual Studio Version 16
VisualStudioVersion = 16.0.29905.134
MinimumVisualStudioVersion = 10.0.40219.1
Project("{FAE04EC0-301F-11D3-BF4B-00C04F79EFBC}") = "WebApplicationTestMVC", "WebApplicationTestMVC\WebApplicationTestMVC.csproj", "{859D3D54-14CC-4B85-B100-C6C14F293C73}"
EndProject
Project("{FAE04EC0-301F-11D3-BF4B-00C04F79EFBC}") = "WebApplicationTestMVC.Test", "WebApplicationTestMVC.Test\WebApplicationTestMVC.Test.csproj", "{19803D23-3C94-403A-B9A6-C4A32AC975F2}"
EndProject
Global
	GlobalSection(SolutionConfigurationPlatforms) = preSolution
		Debug|Any CPU = Debug|Any CPU
		Release|Any CPU = Release|Any CPU
	EndGlobalSection
	GlobalSection(ProjectConfigurationPlatforms) = postSolution
		{859D3D54-14CC-4B85-B100-C6C14F293C73}.Debug|Any CPU.ActiveCfg = Debug|Any CPU
		{859D3D54-14CC-4B85-B100-C6C14F293C73}.Debug|Any CPU.Build.0 = Debug|Any CPU
		{859D3D54-14CC-4B85-B100-C6C14F293C73}.Release|Any CPU.ActiveCfg = Release|Any CPU
		{859D3D54-14CC-4B85-B100-C6C14F293C73}.Release|Any CPU.Build.0 = Release|Any CPU
		{19803D23-3C94-403A-B9A6-C4A32AC975F2}.Debug|Any CPU.ActiveCfg = Debug|Any CPU
		{19803D23-3C94-403A-B9A6-C4A32AC975F2}.Debug|Any CPU.Build.0 = Debug|Any CPU
		{19803D23-3C94-403A-B9A6-C4A32AC975F2}.Release|Any CPU.ActiveCfg = Release|Any CPU
		{19803D23-3C94-403A-B9A6-C4A32AC975F2}.Release|Any CPU.Build.0 = Release|Any CPU
	EndGlobalSection
	GlobalSection(SolutionProperties) = preSolution
		HideSolutionNode = FALSE
	EndGlobalSection
	GlobalSection(ExtensibilityGlobals) = postSolution
		SolutionGuid = {A3FA152F-C3E8-4A4E-9AD1-0715F948BE70}
	EndGlobalSection
EndGlobal
